
Microsoft Visual Studio Solution File, Format Version 12.00
# Visual Studio 15
VisualStudioVersion = 15.0.27428.2037
MinimumVisualStudioVersion = 10.0.40219.1
Project("{8BC9CEB8-8B4A-11D0-8D11-00A0C91BC942}") = "socket_programming", "socket_programming\socket_programming.vcxproj", "{D18DD89E-580E-4535-A39A-2BB35A5F5044}"
EndProject
Global
	GlobalSection(SolutionConfigurationPlatforms) = preSolution
		Debug|x64 = Debug|x64
		Debug|x86 = Debug|x86
		Release|x64 = Release|x64
		Release|x86 = Release|x86
	EndGlobalSection
	GlobalSection(ProjectConfigurationPlatforms) = postSolution
		{D18DD89E-580E-4535-A39A-2BB35A5F5044}.Debug|x64.ActiveCfg = Debug|x64
		{D18DD89E-580E-4535-A39A-2BB35A5F5044}.Debug|x64.Build.0 = Debug|x64
		{D18DD89E-580E-4535-A39A-2BB35A5F5044}.Debug|x86.ActiveCfg = Debug|Win32
		{D18DD89E-580E-4535-A39A-2BB35A5F5044}.Debug|x86.Build.0 = Debug|Win32
		{D18DD89E-580E-4535-A39A-2BB35A5F5044}.Release|x64.ActiveCfg = Release|x64
		{D18DD89E-580E-4535-A39A-2BB35A5F5044}.Release|x64.Build.0 = Release|x64
		{D18DD89E-580E-4535-A39A-2BB35A5F5044}.Release|x86.ActiveCfg = Release|Win32
		{D18DD89E-580E-4535-A39A-2BB35A5F5044}.Release|x86.Build.0 = Release|Win32
	EndGlobalSection
	GlobalSection(SolutionProperties) = preSolution
		HideSolutionNode = FALSE
	EndGlobalSection
	GlobalSection(ExtensibilityGlobals) = postSolution
		SolutionGuid = {E17AF5FB-36C3-4DBB-BB84-0D96B837620F}
	EndGlobalSection
EndGlobal
